// !$*UTF8*$!
{
	archiveVersion = 1;
	classes = {
	};
	objectVersion = 51;
	objects = {

/* Begin PBXBuildFile section */
		17BAD5D348ACAE47E0C32BB5 /* Pods_ArtableAdmin.framework in Frameworks */ = {isa = PBXBuildFile; fileRef = DC9EEB4B596402B23E8B6E54 /* Pods_ArtableAdmin.framework */; };
		3D00810E2465EB1E00046A85 /* PasswordTextField.swift in Sources */ = {isa = PBXBuildFile; fileRef = 3D18FAD4245A53A40067BECD /* PasswordTextField.swift */; };
		3D00810F2465EB2200046A85 /* RoundedViews.swift in Sources */ = {isa = PBXBuildFile; fileRef = 3D18FAD9245A66BA0067BECD /* RoundedViews.swift */; };
		3D0081102465EB2400046A85 /* ActivityIndicator.swift in Sources */ = {isa = PBXBuildFile; fileRef = 3D1E1CD02461C802001CE8F4 /* ActivityIndicator.swift */; };
		3D0081112465EF0F00046A85 /* HomeVC.swift in Sources */ = {isa = PBXBuildFile; fileRef = 3D18FADB245A705D0067BECD /* HomeVC.swift */; };
		3D0081122465EF7000046A85 /* LoginVC.swift in Sources */ = {isa = PBXBuildFile; fileRef = 3D8523C02458F8F0005D1157 /* LoginVC.swift */; };
		3D0081132465EF7300046A85 /* RegisterVC.swift in Sources */ = {isa = PBXBuildFile; fileRef = 3D8523EE2459205A005D1157 /* RegisterVC.swift */; };
		3D0081142465EF7500046A85 /* ProductVC.swift in Sources */ = {isa = PBXBuildFile; fileRef = 3D1E1CDC2461D8A9001CE8F4 /* ProductVC.swift */; };
		3D0081152465EF8D00046A85 /* ForgotPasswordVC.swift in Sources */ = {isa = PBXBuildFile; fileRef = 3D64DF0A2460DF9400E5F798 /* ForgotPasswordVC.swift */; };
		3D0081162465EF9100046A85 /* ProductDetailVC.swift in Sources */ = {isa = PBXBuildFile; fileRef = 3D0BE2052464EF44005EA30A /* ProductDetailVC.swift */; };
		3D0081172465EF9600046A85 /* ForgotPasswordVC.xib in Resources */ = {isa = PBXBuildFile; fileRef = 3D64DF0B2460DF9400E5F798 /* ForgotPasswordVC.xib */; };
		3D0081182465EF9B00046A85 /* ProductDetailVC.xib in Resources */ = {isa = PBXBuildFile; fileRef = 3D0BE2062464EF44005EA30A /* ProductDetailVC.xib */; };
		3D00811A2465F27400046A85 /* AddEditCategoryVC.swift in Sources */ = {isa = PBXBuildFile; fileRef = 3D0081192465F27400046A85 /* AddEditCategoryVC.swift */; };
		3D00811F2466146300046A85 /* PickerImageView.swift in Sources */ = {isa = PBXBuildFile; fileRef = 3D00811E2466146300046A85 /* PickerImageView.swift */; };
		3D0BE2072464EF44005EA30A /* ProductDetailVC.swift in Sources */ = {isa = PBXBuildFile; fileRef = 3D0BE2052464EF44005EA30A /* ProductDetailVC.swift */; };
		3D0BE2082464EF44005EA30A /* ProductDetailVC.xib in Resources */ = {isa = PBXBuildFile; fileRef = 3D0BE2062464EF44005EA30A /* ProductDetailVC.xib */; };
		3D11A4432467492400A7A6C9 /* AdminProductVC.swift in Sources */ = {isa = PBXBuildFile; fileRef = 3D11A4422467492400A7A6C9 /* AdminProductVC.swift */; };
		3D11A44524675F3900A7A6C9 /* AddEditProductVC.swift in Sources */ = {isa = PBXBuildFile; fileRef = 3D11A44424675F3900A7A6C9 /* AddEditProductVC.swift */; };
		3D14198524687B19004C31A3 /* RoundIndentedTextfield.swift in Sources */ = {isa = PBXBuildFile; fileRef = 3D14198424687B19004C31A3 /* RoundIndentedTextfield.swift */; };
		3D14198624687EDE004C31A3 /* RoundIndentedTextfield.swift in Sources */ = {isa = PBXBuildFile; fileRef = 3D14198424687B19004C31A3 /* RoundIndentedTextfield.swift */; };
		3D18FAD1245A44A10067BECD /* GoogleService-Info.plist in Resources */ = {isa = PBXBuildFile; fileRef = 3D18FAD0245A44A10067BECD /* GoogleService-Info.plist */; };
		3D18FAD3245A45AB0067BECD /* GoogleService-Info.plist in Resources */ = {isa = PBXBuildFile; fileRef = 3D18FAD2245A45AB0067BECD /* GoogleService-Info.plist */; };
		3D18FAD5245A53A40067BECD /* PasswordTextField.swift in Sources */ = {isa = PBXBuildFile; fileRef = 3D18FAD4245A53A40067BECD /* PasswordTextField.swift */; };
		3D18FAD7245A62B00067BECD /* Constants.swift in Sources */ = {isa = PBXBuildFile; fileRef = 3D18FAD6245A62B00067BECD /* Constants.swift */; };
		3D18FADA245A66BA0067BECD /* RoundedViews.swift in Sources */ = {isa = PBXBuildFile; fileRef = 3D18FAD9245A66BA0067BECD /* RoundedViews.swift */; };
		3D18FADC245A705D0067BECD /* HomeVC.swift in Sources */ = {isa = PBXBuildFile; fileRef = 3D18FADB245A705D0067BECD /* HomeVC.swift */; };
		3D1E1CCC2461BAE7001CE8F4 /* Firebase+utils.swift in Sources */ = {isa = PBXBuildFile; fileRef = 3D1E1CCB2461BAE7001CE8F4 /* Firebase+utils.swift */; };
		3D1E1CCD2461BBCF001CE8F4 /* Constants.swift in Sources */ = {isa = PBXBuildFile; fileRef = 3D18FAD6245A62B00067BECD /* Constants.swift */; };
		3D1E1CCE2461BBD2001CE8F4 /* Extensions.swift in Sources */ = {isa = PBXBuildFile; fileRef = 3D8523EB2459039B005D1157 /* Extensions.swift */; };
		3D1E1CCF2461BBD4001CE8F4 /* Firebase+utils.swift in Sources */ = {isa = PBXBuildFile; fileRef = 3D1E1CCB2461BAE7001CE8F4 /* Firebase+utils.swift */; };
		3D1E1CD12461C802001CE8F4 /* ActivityIndicator.swift in Sources */ = {isa = PBXBuildFile; fileRef = 3D1E1CD02461C802001CE8F4 /* ActivityIndicator.swift */; };
		3D1E1CD32461C9D2001CE8F4 /* Category.swift in Sources */ = {isa = PBXBuildFile; fileRef = 3D1E1CD22461C9D2001CE8F4 /* Category.swift */; };
		3D1E1CD42461C9DC001CE8F4 /* Category.swift in Sources */ = {isa = PBXBuildFile; fileRef = 3D1E1CD22461C9D2001CE8F4 /* Category.swift */; };
		3D1E1CD72461CBC7001CE8F4 /* CategoryCell.swift in Sources */ = {isa = PBXBuildFile; fileRef = 3D1E1CD52461CBC7001CE8F4 /* CategoryCell.swift */; };
		3D1E1CD82461CBC7001CE8F4 /* CategoryCell.swift in Sources */ = {isa = PBXBuildFile; fileRef = 3D1E1CD52461CBC7001CE8F4 /* CategoryCell.swift */; };
		3D1E1CD92461CBC7001CE8F4 /* CategoryCell.xib in Resources */ = {isa = PBXBuildFile; fileRef = 3D1E1CD62461CBC7001CE8F4 /* CategoryCell.xib */; };
		3D1E1CDA2461CBC7001CE8F4 /* CategoryCell.xib in Resources */ = {isa = PBXBuildFile; fileRef = 3D1E1CD62461CBC7001CE8F4 /* CategoryCell.xib */; };
		3D1E1CDD2461D8A9001CE8F4 /* ProductVC.swift in Sources */ = {isa = PBXBuildFile; fileRef = 3D1E1CDC2461D8A9001CE8F4 /* ProductVC.swift */; };
		3D1E1CE02461DE8E001CE8F4 /* Product.swift in Sources */ = {isa = PBXBuildFile; fileRef = 3D1E1CDF2461DE8E001CE8F4 /* Product.swift */; };
		3D1E1CE12461DE94001CE8F4 /* Product.swift in Sources */ = {isa = PBXBuildFile; fileRef = 3D1E1CDF2461DE8E001CE8F4 /* Product.swift */; };
		3D1E1CE42461DFC9001CE8F4 /* ProductCell.swift in Sources */ = {isa = PBXBuildFile; fileRef = 3D1E1CE22461DFC9001CE8F4 /* ProductCell.swift */; };
		3D1E1CE52461DFC9001CE8F4 /* ProductCell.xib in Resources */ = {isa = PBXBuildFile; fileRef = 3D1E1CE32461DFC9001CE8F4 /* ProductCell.xib */; };
		3D1E1CE62461DFD3001CE8F4 /* ProductCell.xib in Resources */ = {isa = PBXBuildFile; fileRef = 3D1E1CE32461DFC9001CE8F4 /* ProductCell.xib */; };
		3D1E1CE72461DFD6001CE8F4 /* ProductCell.swift in Sources */ = {isa = PBXBuildFile; fileRef = 3D1E1CE22461DFC9001CE8F4 /* ProductCell.swift */; };
		3D37EB1B2469F345007808F5 /* User.swift in Sources */ = {isa = PBXBuildFile; fileRef = 3D37EB1A2469F345007808F5 /* User.swift */; };
		3D37EB1C2469FA4B007808F5 /* User.swift in Sources */ = {isa = PBXBuildFile; fileRef = 3D37EB1A2469F345007808F5 /* User.swift */; };
		3D64DF0E2460FA1500E5F798 /* ForgotPasswordVC.swift in Sources */ = {isa = PBXBuildFile; fileRef = 3D64DF0A2460DF9400E5F798 /* ForgotPasswordVC.swift */; };
		3D64DF0F2460FA1800E5F798 /* ForgotPasswordVC.xib in Resources */ = {isa = PBXBuildFile; fileRef = 3D64DF0B2460DF9400E5F798 /* ForgotPasswordVC.xib */; };
		3D8523BD2458F8F0005D1157 /* AppDelegate.swift in Sources */ = {isa = PBXBuildFile; fileRef = 3D8523BC2458F8F0005D1157 /* AppDelegate.swift */; };
		3D8523BF2458F8F0005D1157 /* SceneDelegate.swift in Sources */ = {isa = PBXBuildFile; fileRef = 3D8523BE2458F8F0005D1157 /* SceneDelegate.swift */; };
		3D8523C12458F8F0005D1157 /* LoginVC.swift in Sources */ = {isa = PBXBuildFile; fileRef = 3D8523C02458F8F0005D1157 /* LoginVC.swift */; };
		3D8523C42458F8F0005D1157 /* Main.storyboard in Resources */ = {isa = PBXBuildFile; fileRef = 3D8523C22458F8F0005D1157 /* Main.storyboard */; };
		3D8523C62458F8F3005D1157 /* Assets.xcassets in Resources */ = {isa = PBXBuildFile; fileRef = 3D8523C52458F8F3005D1157 /* Assets.xcassets */; };
		3D8523C92458F8F3005D1157 /* LaunchScreen.storyboard in Resources */ = {isa = PBXBuildFile; fileRef = 3D8523C72458F8F3005D1157 /* LaunchScreen.storyboard */; };
		3D8523D72458F915005D1157 /* AppDelegate.swift in Sources */ = {isa = PBXBuildFile; fileRef = 3D8523D62458F915005D1157 /* AppDelegate.swift */; };
		3D8523D92458F915005D1157 /* SceneDelegate.swift in Sources */ = {isa = PBXBuildFile; fileRef = 3D8523D82458F915005D1157 /* SceneDelegate.swift */; };
		3D8523DB2458F915005D1157 /* AdminHomeVC.swift in Sources */ = {isa = PBXBuildFile; fileRef = 3D8523DA2458F915005D1157 /* AdminHomeVC.swift */; };
		3D8523DE2458F915005D1157 /* Main.storyboard in Resources */ = {isa = PBXBuildFile; fileRef = 3D8523DC2458F915005D1157 /* Main.storyboard */; };
		3D8523E32458F916005D1157 /* LaunchScreen.storyboard in Resources */ = {isa = PBXBuildFile; fileRef = 3D8523E12458F916005D1157 /* LaunchScreen.storyboard */; };
		3D8523E92458F92B005D1157 /* Assets.xcassets in Resources */ = {isa = PBXBuildFile; fileRef = 3D8523C52458F8F3005D1157 /* Assets.xcassets */; };
		3D8523EC2459039B005D1157 /* Extensions.swift in Sources */ = {isa = PBXBuildFile; fileRef = 3D8523EB2459039B005D1157 /* Extensions.swift */; };
		3D8523EF2459205A005D1157 /* RegisterVC.swift in Sources */ = {isa = PBXBuildFile; fileRef = 3D8523EE2459205A005D1157 /* RegisterVC.swift */; };
		94B958BDA2D49451779BB6C3 /* Pods_Artable.framework in Frameworks */ = {isa = PBXBuildFile; fileRef = EEF2E457CDD490AA5A9B56DA /* Pods_Artable.framework */; };
/* End PBXBuildFile section */

/* Begin PBXFileReference section */
		2920C4A12AA0552C8AFF2D36 /* Pods-Artable.debug.xcconfig */ = {isa = PBXFileReference; includeInIndex = 1; lastKnownFileType = text.xcconfig; name = "Pods-Artable.debug.xcconfig"; path = "Target Support Files/Pods-Artable/Pods-Artable.debug.xcconfig"; sourceTree = "<group>"; };
		31FF3F7B135EEA2F736C84D8 /* Pods-ArtableAdmin.debug.xcconfig */ = {isa = PBXFileReference; includeInIndex = 1; lastKnownFileType = text.xcconfig; name = "Pods-ArtableAdmin.debug.xcconfig"; path = "Target Support Files/Pods-ArtableAdmin/Pods-ArtableAdmin.debug.xcconfig"; sourceTree = "<group>"; };
		3D0081192465F27400046A85 /* AddEditCategoryVC.swift */ = {isa = PBXFileReference; lastKnownFileType = sourcecode.swift; path = AddEditCategoryVC.swift; sourceTree = "<group>"; };
		3D00811E2466146300046A85 /* PickerImageView.swift */ = {isa = PBXFileReference; lastKnownFileType = sourcecode.swift; path = PickerImageView.swift; sourceTree = "<group>"; };
		3D0BE2052464EF44005EA30A /* ProductDetailVC.swift */ = {isa = PBXFileReference; lastKnownFileType = sourcecode.swift; path = ProductDetailVC.swift; sourceTree = "<group>"; };
		3D0BE2062464EF44005EA30A /* ProductDetailVC.xib */ = {isa = PBXFileReference; lastKnownFileType = file.xib; path = ProductDetailVC.xib; sourceTree = "<group>"; };
		3D11A4422467492400A7A6C9 /* AdminProductVC.swift */ = {isa = PBXFileReference; lastKnownFileType = sourcecode.swift; path = AdminProductVC.swift; sourceTree = "<group>"; };
		3D11A44424675F3900A7A6C9 /* AddEditProductVC.swift */ = {isa = PBXFileReference; lastKnownFileType = sourcecode.swift; path = AddEditProductVC.swift; sourceTree = "<group>"; };
		3D14198424687B19004C31A3 /* RoundIndentedTextfield.swift */ = {isa = PBXFileReference; lastKnownFileType = sourcecode.swift; path = RoundIndentedTextfield.swift; sourceTree = "<group>"; };
		3D18FAD0245A44A10067BECD /* GoogleService-Info.plist */ = {isa = PBXFileReference; fileEncoding = 4; lastKnownFileType = text.plist.xml; path = "GoogleService-Info.plist"; sourceTree = "<group>"; };
		3D18FAD2245A45AB0067BECD /* GoogleService-Info.plist */ = {isa = PBXFileReference; fileEncoding = 4; lastKnownFileType = text.plist.xml; path = "GoogleService-Info.plist"; sourceTree = "<group>"; };
		3D18FAD4245A53A40067BECD /* PasswordTextField.swift */ = {isa = PBXFileReference; lastKnownFileType = sourcecode.swift; path = PasswordTextField.swift; sourceTree = "<group>"; };
		3D18FAD6245A62B00067BECD /* Constants.swift */ = {isa = PBXFileReference; lastKnownFileType = sourcecode.swift; path = Constants.swift; sourceTree = "<group>"; };
		3D18FAD9245A66BA0067BECD /* RoundedViews.swift */ = {isa = PBXFileReference; lastKnownFileType = sourcecode.swift; path = RoundedViews.swift; sourceTree = "<group>"; };
		3D18FADB245A705D0067BECD /* HomeVC.swift */ = {isa = PBXFileReference; lastKnownFileType = sourcecode.swift; path = HomeVC.swift; sourceTree = "<group>"; };
		3D1E1CCB2461BAE7001CE8F4 /* Firebase+utils.swift */ = {isa = PBXFileReference; lastKnownFileType = sourcecode.swift; path = "Firebase+utils.swift"; sourceTree = "<group>"; };
		3D1E1CD02461C802001CE8F4 /* ActivityIndicator.swift */ = {isa = PBXFileReference; lastKnownFileType = sourcecode.swift; path = ActivityIndicator.swift; sourceTree = "<group>"; };
		3D1E1CD22461C9D2001CE8F4 /* Category.swift */ = {isa = PBXFileReference; lastKnownFileType = sourcecode.swift; path = Category.swift; sourceTree = "<group>"; };
		3D1E1CD52461CBC7001CE8F4 /* CategoryCell.swift */ = {isa = PBXFileReference; lastKnownFileType = sourcecode.swift; path = CategoryCell.swift; sourceTree = "<group>"; };
		3D1E1CD62461CBC7001CE8F4 /* CategoryCell.xib */ = {isa = PBXFileReference; lastKnownFileType = file.xib; path = CategoryCell.xib; sourceTree = "<group>"; };
		3D1E1CDC2461D8A9001CE8F4 /* ProductVC.swift */ = {isa = PBXFileReference; lastKnownFileType = sourcecode.swift; path = ProductVC.swift; sourceTree = "<group>"; };
		3D1E1CDF2461DE8E001CE8F4 /* Product.swift */ = {isa = PBXFileReference; lastKnownFileType = sourcecode.swift; path = Product.swift; sourceTree = "<group>"; };
		3D1E1CE22461DFC9001CE8F4 /* ProductCell.swift */ = {isa = PBXFileReference; lastKnownFileType = sourcecode.swift; path = ProductCell.swift; sourceTree = "<group>"; };
		3D1E1CE32461DFC9001CE8F4 /* ProductCell.xib */ = {isa = PBXFileReference; lastKnownFileType = file.xib; path = ProductCell.xib; sourceTree = "<group>"; };
		3D37EB1A2469F345007808F5 /* User.swift */ = {isa = PBXFileReference; lastKnownFileType = sourcecode.swift; path = User.swift; sourceTree = "<group>"; };
		3D64DF0A2460DF9400E5F798 /* ForgotPasswordVC.swift */ = {isa = PBXFileReference; lastKnownFileType = sourcecode.swift; path = ForgotPasswordVC.swift; sourceTree = "<group>"; };
		3D64DF0B2460DF9400E5F798 /* ForgotPasswordVC.xib */ = {isa = PBXFileReference; lastKnownFileType = file.xib; path = ForgotPasswordVC.xib; sourceTree = "<group>"; };
		3D8523B92458F8F0005D1157 /* Artable.app */ = {isa = PBXFileReference; explicitFileType = wrapper.application; includeInIndex = 0; path = Artable.app; sourceTree = BUILT_PRODUCTS_DIR; };
		3D8523BC2458F8F0005D1157 /* AppDelegate.swift */ = {isa = PBXFileReference; lastKnownFileType = sourcecode.swift; path = AppDelegate.swift; sourceTree = "<group>"; };
		3D8523BE2458F8F0005D1157 /* SceneDelegate.swift */ = {isa = PBXFileReference; lastKnownFileType = sourcecode.swift; path = SceneDelegate.swift; sourceTree = "<group>"; };
		3D8523C02458F8F0005D1157 /* LoginVC.swift */ = {isa = PBXFileReference; lastKnownFileType = sourcecode.swift; path = LoginVC.swift; sourceTree = "<group>"; };
		3D8523C32458F8F0005D1157 /* Base */ = {isa = PBXFileReference; lastKnownFileType = file.storyboard; name = Base; path = Base.lproj/Main.storyboard; sourceTree = "<group>"; };
		3D8523C52458F8F3005D1157 /* Assets.xcassets */ = {isa = PBXFileReference; lastKnownFileType = folder.assetcatalog; path = Assets.xcassets; sourceTree = "<group>"; };
		3D8523C82458F8F3005D1157 /* Base */ = {isa = PBXFileReference; lastKnownFileType = file.storyboard; name = Base; path = Base.lproj/LaunchScreen.storyboard; sourceTree = "<group>"; };
		3D8523CA2458F8F3005D1157 /* Info.plist */ = {isa = PBXFileReference; lastKnownFileType = text.plist.xml; path = Info.plist; sourceTree = "<group>"; };
		3D8523D42458F915005D1157 /* ArtableAdmin.app */ = {isa = PBXFileReference; explicitFileType = wrapper.application; includeInIndex = 0; path = ArtableAdmin.app; sourceTree = BUILT_PRODUCTS_DIR; };
		3D8523D62458F915005D1157 /* AppDelegate.swift */ = {isa = PBXFileReference; lastKnownFileType = sourcecode.swift; path = AppDelegate.swift; sourceTree = "<group>"; };
		3D8523D82458F915005D1157 /* SceneDelegate.swift */ = {isa = PBXFileReference; lastKnownFileType = sourcecode.swift; path = SceneDelegate.swift; sourceTree = "<group>"; };
		3D8523DA2458F915005D1157 /* AdminHomeVC.swift */ = {isa = PBXFileReference; lastKnownFileType = sourcecode.swift; path = AdminHomeVC.swift; sourceTree = "<group>"; };
		3D8523DD2458F915005D1157 /* Base */ = {isa = PBXFileReference; lastKnownFileType = file.storyboard; name = Base; path = Base.lproj/Main.storyboard; sourceTree = "<group>"; };
		3D8523E22458F916005D1157 /* Base */ = {isa = PBXFileReference; lastKnownFileType = file.storyboard; name = Base; path = Base.lproj/LaunchScreen.storyboard; sourceTree = "<group>"; };
		3D8523E42458F916005D1157 /* Info.plist */ = {isa = PBXFileReference; lastKnownFileType = text.plist.xml; path = Info.plist; sourceTree = "<group>"; };
		3D8523EB2459039B005D1157 /* Extensions.swift */ = {isa = PBXFileReference; lastKnownFileType = sourcecode.swift; path = Extensions.swift; sourceTree = "<group>"; };
		3D8523EE2459205A005D1157 /* RegisterVC.swift */ = {isa = PBXFileReference; lastKnownFileType = sourcecode.swift; path = RegisterVC.swift; sourceTree = "<group>"; };
		AC2AB2B0DA6C68030BE499C5 /* Pods-ArtableAdmin.release.xcconfig */ = {isa = PBXFileReference; includeInIndex = 1; lastKnownFileType = text.xcconfig; name = "Pods-ArtableAdmin.release.xcconfig"; path = "Target Support Files/Pods-ArtableAdmin/Pods-ArtableAdmin.release.xcconfig"; sourceTree = "<group>"; };
		CAFFF575964629FB99F94206 /* Pods-Artable.release.xcconfig */ = {isa = PBXFileReference; includeInIndex = 1; lastKnownFileType = text.xcconfig; name = "Pods-Artable.release.xcconfig"; path = "Target Support Files/Pods-Artable/Pods-Artable.release.xcconfig"; sourceTree = "<group>"; };
		DC9EEB4B596402B23E8B6E54 /* Pods_ArtableAdmin.framework */ = {isa = PBXFileReference; explicitFileType = wrapper.framework; includeInIndex = 0; path = Pods_ArtableAdmin.framework; sourceTree = BUILT_PRODUCTS_DIR; };
		EEF2E457CDD490AA5A9B56DA /* Pods_Artable.framework */ = {isa = PBXFileReference; explicitFileType = wrapper.framework; includeInIndex = 0; path = Pods_Artable.framework; sourceTree = BUILT_PRODUCTS_DIR; };
/* End PBXFileReference section */

/* Begin PBXFrameworksBuildPhase section */
		3D8523B62458F8F0005D1157 /* Frameworks */ = {
			isa = PBXFrameworksBuildPhase;
			buildActionMask = 2147483647;
			files = (
				94B958BDA2D49451779BB6C3 /* Pods_Artable.framework in Frameworks */,
			);
			runOnlyForDeploymentPostprocessing = 0;
		};
		3D8523D12458F915005D1157 /* Frameworks */ = {
			isa = PBXFrameworksBuildPhase;
			buildActionMask = 2147483647;
			files = (
				17BAD5D348ACAE47E0C32BB5 /* Pods_ArtableAdmin.framework in Frameworks */,
			);
			runOnlyForDeploymentPostprocessing = 0;
		};
/* End PBXFrameworksBuildPhase section */

/* Begin PBXGroup section */
		3D00811B2465F27B00046A85 /* Controller */ = {
			isa = PBXGroup;
			children = (
				3D8523DA2458F915005D1157 /* AdminHomeVC.swift */,
				3D0081192465F27400046A85 /* AddEditCategoryVC.swift */,
				3D11A4422467492400A7A6C9 /* AdminProductVC.swift */,
				3D11A44424675F3900A7A6C9 /* AddEditProductVC.swift */,
			);
			path = Controller;
			sourceTree = "<group>";
		};
		3D00811C24660A7100046A85 /* View */ = {
			isa = PBXGroup;
			children = (
				3D00811E2466146300046A85 /* PickerImageView.swift */,
			);
			path = View;
			sourceTree = "<group>";
		};
		3D00811D24660A7600046A85 /* Model */ = {
			isa = PBXGroup;
			children = (
			);
			path = Model;
			sourceTree = "<group>";
		};
		3D18FAD8245A66A80067BECD /* Views */ = {
			isa = PBXGroup;
			children = (
				3D14198424687B19004C31A3 /* RoundIndentedTextfield.swift */,
				3D18FAD4245A53A40067BECD /* PasswordTextField.swift */,
				3D18FAD9245A66BA0067BECD /* RoundedViews.swift */,
				3D1E1CD02461C802001CE8F4 /* ActivityIndicator.swift */,
				3D1E1CD52461CBC7001CE8F4 /* CategoryCell.swift */,
				3D1E1CE22461DFC9001CE8F4 /* ProductCell.swift */,
			);
			path = Views;
			sourceTree = "<group>";
		};
		3D1E1CDB2461CBDC001CE8F4 /* XIBs */ = {
			isa = PBXGroup;
			children = (
				3D1E1CD62461CBC7001CE8F4 /* CategoryCell.xib */,
				3D1E1CE32461DFC9001CE8F4 /* ProductCell.xib */,
			);
			path = XIBs;
			sourceTree = "<group>";
		};
		3D64DF092460DF7400E5F798 /* XIBs */ = {
			isa = PBXGroup;
			children = (
				3D64DF0A2460DF9400E5F798 /* ForgotPasswordVC.swift */,
				3D64DF0B2460DF9400E5F798 /* ForgotPasswordVC.xib */,
				3D0BE2052464EF44005EA30A /* ProductDetailVC.swift */,
				3D0BE2062464EF44005EA30A /* ProductDetailVC.xib */,
			);
			path = XIBs;
			sourceTree = "<group>";
		};
		3D8523B02458F8F0005D1157 = {
			isa = PBXGroup;
			children = (
				3D8523E82458F91C005D1157 /* Shared */,
				3D8523BB2458F8F0005D1157 /* Artable */,
				3D8523D52458F915005D1157 /* ArtableAdmin */,
				3D8523BA2458F8F0005D1157 /* Products */,
				45983AC8DB23FE9012D0A0B5 /* Pods */,
				80F5D95B25B7416FAE2C1944 /* Frameworks */,
			);
			sourceTree = "<group>";
		};
		3D8523BA2458F8F0005D1157 /* Products */ = {
			isa = PBXGroup;
			children = (
				3D8523B92458F8F0005D1157 /* Artable.app */,
				3D8523D42458F915005D1157 /* ArtableAdmin.app */,
			);
			name = Products;
			sourceTree = "<group>";
		};
		3D8523BB2458F8F0005D1157 /* Artable */ = {
			isa = PBXGroup;
			children = (
				3D64DF092460DF7400E5F798 /* XIBs */,
				3D8523BC2458F8F0005D1157 /* AppDelegate.swift */,
				3D8523BE2458F8F0005D1157 /* SceneDelegate.swift */,
				3D8523F024592087005D1157 /* View */,
				3D8523ED24591C34005D1157 /* Controller */,
				3D8523C22458F8F0005D1157 /* Main.storyboard */,
				3D8523C72458F8F3005D1157 /* LaunchScreen.storyboard */,
				3D8523CA2458F8F3005D1157 /* Info.plist */,
				3D18FAD0245A44A10067BECD /* GoogleService-Info.plist */,
			);
			path = Artable;
			sourceTree = "<group>";
		};
		3D8523D52458F915005D1157 /* ArtableAdmin */ = {
			isa = PBXGroup;
			children = (
				3D00811D24660A7600046A85 /* Model */,
				3D00811C24660A7100046A85 /* View */,
				3D00811B2465F27B00046A85 /* Controller */,
				3D8523D62458F915005D1157 /* AppDelegate.swift */,
				3D8523D82458F915005D1157 /* SceneDelegate.swift */,
				3D8523DC2458F915005D1157 /* Main.storyboard */,
				3D8523E12458F916005D1157 /* LaunchScreen.storyboard */,
				3D8523E42458F916005D1157 /* Info.plist */,
				3D18FAD2245A45AB0067BECD /* GoogleService-Info.plist */,
			);
			path = ArtableAdmin;
			sourceTree = "<group>";
		};
		3D8523E82458F91C005D1157 /* Shared */ = {
			isa = PBXGroup;
			children = (
				3D1E1CDB2461CBDC001CE8F4 /* XIBs */,
				3D8523F32459279A005D1157 /* Model */,
				3D8523EA2459038C005D1157 /* Utils */,
				3D18FAD8245A66A80067BECD /* Views */,
				3D8523C52458F8F3005D1157 /* Assets.xcassets */,
			);
			path = Shared;
			sourceTree = "<group>";
		};
		3D8523EA2459038C005D1157 /* Utils */ = {
			isa = PBXGroup;
			children = (
				3D18FAD6245A62B00067BECD /* Constants.swift */,
				3D8523EB2459039B005D1157 /* Extensions.swift */,
				3D1E1CCB2461BAE7001CE8F4 /* Firebase+utils.swift */,
			);
			path = Utils;
			sourceTree = "<group>";
		};
		3D8523ED24591C34005D1157 /* Controller */ = {
			isa = PBXGroup;
			children = (
				3D18FADB245A705D0067BECD /* HomeVC.swift */,
				3D8523C02458F8F0005D1157 /* LoginVC.swift */,
				3D8523EE2459205A005D1157 /* RegisterVC.swift */,
				3D1E1CDC2461D8A9001CE8F4 /* ProductVC.swift */,
			);
			path = Controller;
			sourceTree = "<group>";
		};
		3D8523F024592087005D1157 /* View */ = {
			isa = PBXGroup;
			children = (
			);
			path = View;
			sourceTree = "<group>";
		};
		3D8523F32459279A005D1157 /* Model */ = {
			isa = PBXGroup;
			children = (
				3D1E1CDF2461DE8E001CE8F4 /* Product.swift */,
				3D1E1CD22461C9D2001CE8F4 /* Category.swift */,
				3D37EB1A2469F345007808F5 /* User.swift */,
			);
			path = Model;
			sourceTree = "<group>";
		};
		45983AC8DB23FE9012D0A0B5 /* Pods */ = {
			isa = PBXGroup;
			children = (
				2920C4A12AA0552C8AFF2D36 /* Pods-Artable.debug.xcconfig */,
				CAFFF575964629FB99F94206 /* Pods-Artable.release.xcconfig */,
				31FF3F7B135EEA2F736C84D8 /* Pods-ArtableAdmin.debug.xcconfig */,
				AC2AB2B0DA6C68030BE499C5 /* Pods-ArtableAdmin.release.xcconfig */,
			);
			path = Pods;
			sourceTree = "<group>";
		};
		80F5D95B25B7416FAE2C1944 /* Frameworks */ = {
			isa = PBXGroup;
			children = (
				EEF2E457CDD490AA5A9B56DA /* Pods_Artable.framework */,
				DC9EEB4B596402B23E8B6E54 /* Pods_ArtableAdmin.framework */,
			);
			name = Frameworks;
			sourceTree = "<group>";
		};
/* End PBXGroup section */

/* Begin PBXNativeTarget section */
		3D8523B82458F8F0005D1157 /* Artable */ = {
			isa = PBXNativeTarget;
			buildConfigurationList = 3D8523CD2458F8F3005D1157 /* Build configuration list for PBXNativeTarget "Artable" */;
			buildPhases = (
				ACB0A3C291FBEDBC942A013E /* [CP] Check Pods Manifest.lock */,
				3D8523B52458F8F0005D1157 /* Sources */,
				3D8523B62458F8F0005D1157 /* Frameworks */,
				3D8523B72458F8F0005D1157 /* Resources */,
				D66DFDBF59AD9B3848B37747 /* [CP] Embed Pods Frameworks */,
			);
			buildRules = (
			);
			dependencies = (
			);
			name = Artable;
			productName = Artable;
			productReference = 3D8523B92458F8F0005D1157 /* Artable.app */;
			productType = "com.apple.product-type.application";
		};
		3D8523D32458F915005D1157 /* ArtableAdmin */ = {
			isa = PBXNativeTarget;
			buildConfigurationList = 3D8523E52458F916005D1157 /* Build configuration list for PBXNativeTarget "ArtableAdmin" */;
			buildPhases = (
				FD75A11804C56107E2763F82 /* [CP] Check Pods Manifest.lock */,
				3D8523D02458F915005D1157 /* Sources */,
				3D8523D12458F915005D1157 /* Frameworks */,
				3D8523D22458F915005D1157 /* Resources */,
				D8CF84885D894759460C39D4 /* [CP] Embed Pods Frameworks */,
			);
			buildRules = (
			);
			dependencies = (
			);
			name = ArtableAdmin;
			productName = ArtableAdmin;
			productReference = 3D8523D42458F915005D1157 /* ArtableAdmin.app */;
			productType = "com.apple.product-type.application";
		};
/* End PBXNativeTarget section */

/* Begin PBXProject section */
		3D8523B12458F8F0005D1157 /* Project object */ = {
			isa = PBXProject;
			attributes = {
				LastSwiftUpdateCheck = 1130;
				LastUpgradeCheck = 1130;
				ORGANIZATIONNAME = "William Yeung";
				TargetAttributes = {
					3D8523B82458F8F0005D1157 = {
						CreatedOnToolsVersion = 11.3.1;
					};
					3D8523D32458F915005D1157 = {
						CreatedOnToolsVersion = 11.3.1;
					};
				};
			};
			buildConfigurationList = 3D8523B42458F8F0005D1157 /* Build configuration list for PBXProject "Artable" */;
			compatibilityVersion = "Xcode 9.3";
			developmentRegion = en;
			hasScannedForEncodings = 0;
			knownRegions = (
				en,
				Base,
			);
			mainGroup = 3D8523B02458F8F0005D1157;
			productRefGroup = 3D8523BA2458F8F0005D1157 /* Products */;
			projectDirPath = "";
			projectRoot = "";
			targets = (
				3D8523B82458F8F0005D1157 /* Artable */,
				3D8523D32458F915005D1157 /* ArtableAdmin */,
			);
		};
/* End PBXProject section */

/* Begin PBXResourcesBuildPhase section */
		3D8523B72458F8F0005D1157 /* Resources */ = {
			isa = PBXResourcesBuildPhase;
			buildActionMask = 2147483647;
			files = (
				3D8523C92458F8F3005D1157 /* LaunchScreen.storyboard in Resources */,
				3D0BE2082464EF44005EA30A /* ProductDetailVC.xib in Resources */,
				3D1E1CD92461CBC7001CE8F4 /* CategoryCell.xib in Resources */,
				3D1E1CE52461DFC9001CE8F4 /* ProductCell.xib in Resources */,
				3D18FAD1245A44A10067BECD /* GoogleService-Info.plist in Resources */,
				3D64DF0F2460FA1800E5F798 /* ForgotPasswordVC.xib in Resources */,
				3D8523C62458F8F3005D1157 /* Assets.xcassets in Resources */,
				3D8523C42458F8F0005D1157 /* Main.storyboard in Resources */,
			);
			runOnlyForDeploymentPostprocessing = 0;
		};
		3D8523D22458F915005D1157 /* Resources */ = {
			isa = PBXResourcesBuildPhase;
			buildActionMask = 2147483647;
			files = (
				3D1E1CDA2461CBC7001CE8F4 /* CategoryCell.xib in Resources */,
				3D0081182465EF9B00046A85 /* ProductDetailVC.xib in Resources */,
				3D8523E32458F916005D1157 /* LaunchScreen.storyboard in Resources */,
				3D0081172465EF9600046A85 /* ForgotPasswordVC.xib in Resources */,
				3D18FAD3245A45AB0067BECD /* GoogleService-Info.plist in Resources */,
				3D1E1CE62461DFD3001CE8F4 /* ProductCell.xib in Resources */,
				3D8523E92458F92B005D1157 /* Assets.xcassets in Resources */,
				3D8523DE2458F915005D1157 /* Main.storyboard in Resources */,
			);
			runOnlyForDeploymentPostprocessing = 0;
		};
/* End PBXResourcesBuildPhase section */

/* Begin PBXShellScriptBuildPhase section */
		ACB0A3C291FBEDBC942A013E /* [CP] Check Pods Manifest.lock */ = {
			isa = PBXShellScriptBuildPhase;
			buildActionMask = 2147483647;
			files = (
			);
			inputFileListPaths = (
			);
			inputPaths = (
				"${PODS_PODFILE_DIR_PATH}/Podfile.lock",
				"${PODS_ROOT}/Manifest.lock",
			);
			name = "[CP] Check Pods Manifest.lock";
			outputFileListPaths = (
			);
			outputPaths = (
				"$(DERIVED_FILE_DIR)/Pods-Artable-checkManifestLockResult.txt",
			);
			runOnlyForDeploymentPostprocessing = 0;
			shellPath = /bin/sh;
			shellScript = "diff \"${PODS_PODFILE_DIR_PATH}/Podfile.lock\" \"${PODS_ROOT}/Manifest.lock\" > /dev/null\nif [ $? != 0 ] ; then\n    # print error to STDERR\n    echo \"error: The sandbox is not in sync with the Podfile.lock. Run 'pod install' or update your CocoaPods installation.\" >&2\n    exit 1\nfi\n# This output is used by Xcode 'outputs' to avoid re-running this script phase.\necho \"SUCCESS\" > \"${SCRIPT_OUTPUT_FILE_0}\"\n";
			showEnvVarsInLog = 0;
		};
		D66DFDBF59AD9B3848B37747 /* [CP] Embed Pods Frameworks */ = {
			isa = PBXShellScriptBuildPhase;
			buildActionMask = 2147483647;
			files = (
			);
			inputFileListPaths = (
				"${PODS_ROOT}/Target Support Files/Pods-Artable/Pods-Artable-frameworks-${CONFIGURATION}-input-files.xcfilelist",
			);
			name = "[CP] Embed Pods Frameworks";
			outputFileListPaths = (
				"${PODS_ROOT}/Target Support Files/Pods-Artable/Pods-Artable-frameworks-${CONFIGURATION}-output-files.xcfilelist",
			);
			runOnlyForDeploymentPostprocessing = 0;
			shellPath = /bin/sh;
			shellScript = "\"${PODS_ROOT}/Target Support Files/Pods-Artable/Pods-Artable-frameworks.sh\"\n";
			showEnvVarsInLog = 0;
		};
		D8CF84885D894759460C39D4 /* [CP] Embed Pods Frameworks */ = {
			isa = PBXShellScriptBuildPhase;
			buildActionMask = 2147483647;
			files = (
			);
			inputFileListPaths = (
				"${PODS_ROOT}/Target Support Files/Pods-ArtableAdmin/Pods-ArtableAdmin-frameworks-${CONFIGURATION}-input-files.xcfilelist",
			);
			name = "[CP] Embed Pods Frameworks";
			outputFileListPaths = (
				"${PODS_ROOT}/Target Support Files/Pods-ArtableAdmin/Pods-ArtableAdmin-frameworks-${CONFIGURATION}-output-files.xcfilelist",
			);
			runOnlyForDeploymentPostprocessing = 0;
			shellPath = /bin/sh;
			shellScript = "\"${PODS_ROOT}/Target Support Files/Pods-ArtableAdmin/Pods-ArtableAdmin-frameworks.sh\"\n";
			showEnvVarsInLog = 0;
		};
		FD75A11804C56107E2763F82 /* [CP] Check Pods Manifest.lock */ = {
			isa = PBXShellScriptBuildPhase;
			buildActionMask = 2147483647;
			files = (
			);
			inputFileListPaths = (
			);
			inputPaths = (
				"${PODS_PODFILE_DIR_PATH}/Podfile.lock",
				"${PODS_ROOT}/Manifest.lock",
			);
			name = "[CP] Check Pods Manifest.lock";
			outputFileListPaths = (
			);
			outputPaths = (
				"$(DERIVED_FILE_DIR)/Pods-ArtableAdmin-checkManifestLockResult.txt",
			);
			runOnlyForDeploymentPostprocessing = 0;
			shellPath = /bin/sh;
			shellScript = "diff \"${PODS_PODFILE_DIR_PATH}/Podfile.lock\" \"${PODS_ROOT}/Manifest.lock\" > /dev/null\nif [ $? != 0 ] ; then\n    # print error to STDERR\n    echo \"error: The sandbox is not in sync with the Podfile.lock. Run 'pod install' or update your CocoaPods installation.\" >&2\n    exit 1\nfi\n# This output is used by Xcode 'outputs' to avoid re-running this script phase.\necho \"SUCCESS\" > \"${SCRIPT_OUTPUT_FILE_0}\"\n";
			showEnvVarsInLog = 0;
		};
/* End PBXShellScriptBuildPhase section */

/* Begin PBXSourcesBuildPhase section */
		3D8523B52458F8F0005D1157 /* Sources */ = {
			isa = PBXSourcesBuildPhase;
			buildActionMask = 2147483647;
			files = (
				3D1E1CDD2461D8A9001CE8F4 /* ProductVC.swift in Sources */,
				3D8523C12458F8F0005D1157 /* LoginVC.swift in Sources */,
				3D8523BD2458F8F0005D1157 /* AppDelegate.swift in Sources */,
				3D18FAD5245A53A40067BECD /* PasswordTextField.swift in Sources */,
				3D1E1CD72461CBC7001CE8F4 /* CategoryCell.swift in Sources */,
				3D18FADC245A705D0067BECD /* HomeVC.swift in Sources */,
				3D1E1CD12461C802001CE8F4 /* ActivityIndicator.swift in Sources */,
				3D14198524687B19004C31A3 /* RoundIndentedTextfield.swift in Sources */,
				3D37EB1B2469F345007808F5 /* User.swift in Sources */,
				3D0BE2072464EF44005EA30A /* ProductDetailVC.swift in Sources */,
				3D1E1CCC2461BAE7001CE8F4 /* Firebase+utils.swift in Sources */,
				3D64DF0E2460FA1500E5F798 /* ForgotPasswordVC.swift in Sources */,
				3D1E1CE02461DE8E001CE8F4 /* Product.swift in Sources */,
				3D8523BF2458F8F0005D1157 /* SceneDelegate.swift in Sources */,
				3D18FADA245A66BA0067BECD /* RoundedViews.swift in Sources */,
				3D1E1CE42461DFC9001CE8F4 /* ProductCell.swift in Sources */,
				3D1E1CD32461C9D2001CE8F4 /* Category.swift in Sources */,
				3D18FAD7245A62B00067BECD /* Constants.swift in Sources */,
				3D8523EC2459039B005D1157 /* Extensions.swift in Sources */,
				3D8523EF2459205A005D1157 /* RegisterVC.swift in Sources */,
			);
			runOnlyForDeploymentPostprocessing = 0;
		};
		3D8523D02458F915005D1157 /* Sources */ = {
			isa = PBXSourcesBuildPhase;
			buildActionMask = 2147483647;
			files = (
				3D0081162465EF9100046A85 /* ProductDetailVC.swift in Sources */,
				3D1E1CCE2461BBD2001CE8F4 /* Extensions.swift in Sources */,
				3D11A4432467492400A7A6C9 /* AdminProductVC.swift in Sources */,
				3D37EB1C2469FA4B007808F5 /* User.swift in Sources */,
				3D0081112465EF0F00046A85 /* HomeVC.swift in Sources */,
				3D1E1CE72461DFD6001CE8F4 /* ProductCell.swift in Sources */,
				3D00810E2465EB1E00046A85 /* PasswordTextField.swift in Sources */,
				3D8523DB2458F915005D1157 /* AdminHomeVC.swift in Sources */,
				3D0081102465EB2400046A85 /* ActivityIndicator.swift in Sources */,
				3D00811F2466146300046A85 /* PickerImageView.swift in Sources */,
				3D00810F2465EB2200046A85 /* RoundedViews.swift in Sources */,
				3D8523D72458F915005D1157 /* AppDelegate.swift in Sources */,
				3D1E1CD82461CBC7001CE8F4 /* CategoryCell.swift in Sources */,
				3D0081132465EF7300046A85 /* RegisterVC.swift in Sources */,
				3D0081142465EF7500046A85 /* ProductVC.swift in Sources */,
				3D11A44524675F3900A7A6C9 /* AddEditProductVC.swift in Sources */,
				3D00811A2465F27400046A85 /* AddEditCategoryVC.swift in Sources */,
				3D8523D92458F915005D1157 /* SceneDelegate.swift in Sources */,
				3D1E1CCF2461BBD4001CE8F4 /* Firebase+utils.swift in Sources */,
				3D1E1CE12461DE94001CE8F4 /* Product.swift in Sources */,
				3D14198624687EDE004C31A3 /* RoundIndentedTextfield.swift in Sources */,
				3D0081152465EF8D00046A85 /* ForgotPasswordVC.swift in Sources */,
				3D1E1CCD2461BBCF001CE8F4 /* Constants.swift in Sources */,
				3D1E1CD42461C9DC001CE8F4 /* Category.swift in Sources */,
				3D0081122465EF7000046A85 /* LoginVC.swift in Sources */,
			);
			runOnlyForDeploymentPostprocessing = 0;
		};
/* End PBXSourcesBuildPhase section */

/* Begin PBXVariantGroup section */
		3D8523C22458F8F0005D1157 /* Main.storyboard */ = {
			isa = PBXVariantGroup;
			children = (
				3D8523C32458F8F0005D1157 /* Base */,
			);
			name = Main.storyboard;
			sourceTree = "<group>";
		};
		3D8523C72458F8F3005D1157 /* LaunchScreen.storyboard */ = {
			isa = PBXVariantGroup;
			children = (
				3D8523C82458F8F3005D1157 /* Base */,
			);
			name = LaunchScreen.storyboard;
			sourceTree = "<group>";
		};
		3D8523DC2458F915005D1157 /* Main.storyboard */ = {
			isa = PBXVariantGroup;
			children = (
				3D8523DD2458F915005D1157 /* Base */,
			);
			name = Main.storyboard;
			sourceTree = "<group>";
		};
		3D8523E12458F916005D1157 /* LaunchScreen.storyboard */ = {
			isa = PBXVariantGroup;
			children = (
				3D8523E22458F916005D1157 /* Base */,
			);
			name = LaunchScreen.storyboard;
			sourceTree = "<group>";
		};
/* End PBXVariantGroup section */

/* Begin XCBuildConfiguration section */
		3D8523CB2458F8F3005D1157 /* Debug */ = {
			isa = XCBuildConfiguration;
			buildSettings = {
				ALWAYS_SEARCH_USER_PATHS = NO;
				CLANG_ANALYZER_NONNULL = YES;
				CLANG_ANALYZER_NUMBER_OBJECT_CONVERSION = YES_AGGRESSIVE;
				CLANG_CXX_LANGUAGE_STANDARD = "gnu++14";
				CLANG_CXX_LIBRARY = "libc++";
				CLANG_ENABLE_MODULES = YES;
				CLANG_ENABLE_OBJC_ARC = YES;
				CLANG_ENABLE_OBJC_WEAK = YES;
				CLANG_WARN_BLOCK_CAPTURE_AUTORELEASING = YES;
				CLANG_WARN_BOOL_CONVERSION = YES;
				CLANG_WARN_COMMA = YES;
				CLANG_WARN_CONSTANT_CONVERSION = YES;
				CLANG_WARN_DEPRECATED_OBJC_IMPLEMENTATIONS = YES;
				CLANG_WARN_DIRECT_OBJC_ISA_USAGE = YES_ERROR;
				CLANG_WARN_DOCUMENTATION_COMMENTS = YES;
				CLANG_WARN_EMPTY_BODY = YES;
				CLANG_WARN_ENUM_CONVERSION = YES;
				CLANG_WARN_INFINITE_RECURSION = YES;
				CLANG_WARN_INT_CONVERSION = YES;
				CLANG_WARN_NON_LITERAL_NULL_CONVERSION = YES;
				CLANG_WARN_OBJC_IMPLICIT_RETAIN_SELF = YES;
				CLANG_WARN_OBJC_LITERAL_CONVERSION = YES;
				CLANG_WARN_OBJC_ROOT_CLASS = YES_ERROR;
				CLANG_WARN_RANGE_LOOP_ANALYSIS = YES;
				CLANG_WARN_STRICT_PROTOTYPES = YES;
				CLANG_WARN_SUSPICIOUS_MOVE = YES;
				CLANG_WARN_UNGUARDED_AVAILABILITY = YES_AGGRESSIVE;
				CLANG_WARN_UNREACHABLE_CODE = YES;
				CLANG_WARN__DUPLICATE_METHOD_MATCH = YES;
				COPY_PHASE_STRIP = NO;
				DEBUG_INFORMATION_FORMAT = dwarf;
				ENABLE_STRICT_OBJC_MSGSEND = YES;
				ENABLE_TESTABILITY = YES;
				GCC_C_LANGUAGE_STANDARD = gnu11;
				GCC_DYNAMIC_NO_PIC = NO;
				GCC_NO_COMMON_BLOCKS = YES;
				GCC_OPTIMIZATION_LEVEL = 0;
				GCC_PREPROCESSOR_DEFINITIONS = (
					"DEBUG=1",
					"$(inherited)",
				);
				GCC_WARN_64_TO_32_BIT_CONVERSION = YES;
				GCC_WARN_ABOUT_RETURN_TYPE = YES_ERROR;
				GCC_WARN_UNDECLARED_SELECTOR = YES;
				GCC_WARN_UNINITIALIZED_AUTOS = YES_AGGRESSIVE;
				GCC_WARN_UNUSED_FUNCTION = YES;
				GCC_WARN_UNUSED_VARIABLE = YES;
				IPHONEOS_DEPLOYMENT_TARGET = 13.2;
				MTL_ENABLE_DEBUG_INFO = INCLUDE_SOURCE;
				MTL_FAST_MATH = YES;
				ONLY_ACTIVE_ARCH = YES;
				SDKROOT = iphoneos;
				SWIFT_ACTIVE_COMPILATION_CONDITIONS = DEBUG;
				SWIFT_OPTIMIZATION_LEVEL = "-Onone";
			};
			name = Debug;
		};
		3D8523CC2458F8F3005D1157 /* Release */ = {
			isa = XCBuildConfiguration;
			buildSettings = {
				ALWAYS_SEARCH_USER_PATHS = NO;
				CLANG_ANALYZER_NONNULL = YES;
				CLANG_ANALYZER_NUMBER_OBJECT_CONVERSION = YES_AGGRESSIVE;
				CLANG_CXX_LANGUAGE_STANDARD = "gnu++14";
				CLANG_CXX_LIBRARY = "libc++";
				CLANG_ENABLE_MODULES = YES;
				CLANG_ENABLE_OBJC_ARC = YES;
				CLANG_ENABLE_OBJC_WEAK = YES;
				CLANG_WARN_BLOCK_CAPTURE_AUTORELEASING = YES;
				CLANG_WARN_BOOL_CONVERSION = YES;
				CLANG_WARN_COMMA = YES;
				CLANG_WARN_CONSTANT_CONVERSION = YES;
				CLANG_WARN_DEPRECATED_OBJC_IMPLEMENTATIONS = YES;
				CLANG_WARN_DIRECT_OBJC_ISA_USAGE = YES_ERROR;
				CLANG_WARN_DOCUMENTATION_COMMENTS = YES;
				CLANG_WARN_EMPTY_BODY = YES;
				CLANG_WARN_ENUM_CONVERSION = YES;
				CLANG_WARN_INFINITE_RECURSION = YES;
				CLANG_WARN_INT_CONVERSION = YES;
				CLANG_WARN_NON_LITERAL_NULL_CONVERSION = YES;
				CLANG_WARN_OBJC_IMPLICIT_RETAIN_SELF = YES;
				CLANG_WARN_OBJC_LITERAL_CONVERSION = YES;
				CLANG_WARN_OBJC_ROOT_CLASS = YES_ERROR;
				CLANG_WARN_RANGE_LOOP_ANALYSIS = YES;
				CLANG_WARN_STRICT_PROTOTYPES = YES;
				CLANG_WARN_SUSPICIOUS_MOVE = YES;
				CLANG_WARN_UNGUARDED_AVAILABILITY = YES_AGGRESSIVE;
				CLANG_WARN_UNREACHABLE_CODE = YES;
				CLANG_WARN__DUPLICATE_METHOD_MATCH = YES;
				COPY_PHASE_STRIP = NO;
				DEBUG_INFORMATION_FORMAT = "dwarf-with-dsym";
				ENABLE_NS_ASSERTIONS = NO;
				ENABLE_STRICT_OBJC_MSGSEND = YES;
				GCC_C_LANGUAGE_STANDARD = gnu11;
				GCC_NO_COMMON_BLOCKS = YES;
				GCC_WARN_64_TO_32_BIT_CONVERSION = YES;
				GCC_WARN_ABOUT_RETURN_TYPE = YES_ERROR;
				GCC_WARN_UNDECLARED_SELECTOR = YES;
				GCC_WARN_UNINITIALIZED_AUTOS = YES_AGGRESSIVE;
				GCC_WARN_UNUSED_FUNCTION = YES;
				GCC_WARN_UNUSED_VARIABLE = YES;
				IPHONEOS_DEPLOYMENT_TARGET = 13.2;
				MTL_ENABLE_DEBUG_INFO = NO;
				MTL_FAST_MATH = YES;
				SDKROOT = iphoneos;
				SWIFT_COMPILATION_MODE = wholemodule;
				SWIFT_OPTIMIZATION_LEVEL = "-O";
				VALIDATE_PRODUCT = YES;
			};
			name = Release;
		};
		3D8523CE2458F8F3005D1157 /* Debug */ = {
			isa = XCBuildConfiguration;
			baseConfigurationReference = 2920C4A12AA0552C8AFF2D36 /* Pods-Artable.debug.xcconfig */;
			buildSettings = {
				ASSETCATALOG_COMPILER_APPICON_NAME = AppIcon;
				CODE_SIGN_STYLE = Automatic;
				DEVELOPMENT_TEAM = YNSMJAS38V;
				INFOPLIST_FILE = Artable/Info.plist;
				IPHONEOS_DEPLOYMENT_TARGET = 13.2;
				LD_RUNPATH_SEARCH_PATHS = (
					"$(inherited)",
					"@executable_path/Frameworks",
				);
				PRODUCT_BUNDLE_IDENTIFIER = com.williamyeung.Artable;
				PRODUCT_NAME = "$(TARGET_NAME)";
				SWIFT_VERSION = 5.0;
				TARGETED_DEVICE_FAMILY = "1,2";
			};
			name = Debug;
		};
		3D8523CF2458F8F3005D1157 /* Release */ = {
			isa = XCBuildConfiguration;
			baseConfigurationReference = CAFFF575964629FB99F94206 /* Pods-Artable.release.xcconfig */;
			buildSettings = {
				ASSETCATALOG_COMPILER_APPICON_NAME = AppIcon;
				CODE_SIGN_STYLE = Automatic;
				DEVELOPMENT_TEAM = YNSMJAS38V;
				INFOPLIST_FILE = Artable/Info.plist;
				IPHONEOS_DEPLOYMENT_TARGET = 13.2;
				LD_RUNPATH_SEARCH_PATHS = (
					"$(inherited)",
					"@executable_path/Frameworks",
				);
				PRODUCT_BUNDLE_IDENTIFIER = com.williamyeung.Artable;
				PRODUCT_NAME = "$(TARGET_NAME)";
				SWIFT_VERSION = 5.0;
				TARGETED_DEVICE_FAMILY = "1,2";
			};
			name = Release;
		};
		3D8523E62458F916005D1157 /* Debug */ = {
			isa = XCBuildConfiguration;
			baseConfigurationReference = 31FF3F7B135EEA2F736C84D8 /* Pods-ArtableAdmin.debug.xcconfig */;
			buildSettings = {
				ASSETCATALOG_COMPILER_APPICON_NAME = AppIcon;
				CODE_SIGN_STYLE = Automatic;
				DEVELOPMENT_TEAM = YNSMJAS38V;
				INFOPLIST_FILE = ArtableAdmin/Info.plist;
				IPHONEOS_DEPLOYMENT_TARGET = 13.2;
				LD_RUNPATH_SEARCH_PATHS = (
					"$(inherited)",
					"@executable_path/Frameworks",
				);
				PRODUCT_BUNDLE_IDENTIFIER = com.williamyeung.ArtableAdmin;
				PRODUCT_NAME = "$(TARGET_NAME)";
				SWIFT_VERSION = 5.0;
				TARGETED_DEVICE_FAMILY = "1,2";
			};
			name = Debug;
		};
		3D8523E72458F916005D1157 /* Release */ = {
			isa = XCBuildConfiguration;
			baseConfigurationReference = AC2AB2B0DA6C68030BE499C5 /* Pods-ArtableAdmin.release.xcconfig */;
			buildSettings = {
				ASSETCATALOG_COMPILER_APPICON_NAME = AppIcon;
				CODE_SIGN_STYLE = Automatic;
				DEVELOPMENT_TEAM = YNSMJAS38V;
				INFOPLIST_FILE = ArtableAdmin/Info.plist;
				IPHONEOS_DEPLOYMENT_TARGET = 13.2;
				LD_RUNPATH_SEARCH_PATHS = (
					"$(inherited)",
					"@executable_path/Frameworks",
				);
				PRODUCT_BUNDLE_IDENTIFIER = com.williamyeung.ArtableAdmin;
				PRODUCT_NAME = "$(TARGET_NAME)";
				SWIFT_VERSION = 5.0;
				TARGETED_DEVICE_FAMILY = "1,2";
			};
			name = Release;
		};
/* End XCBuildConfiguration section */

/* Begin XCConfigurationList section */
		3D8523B42458F8F0005D1157 /* Build configuration list for PBXProject "Artable" */ = {
			isa = XCConfigurationList;
			buildConfigurations = (
				3D8523CB2458F8F3005D1157 /* Debug */,
				3D8523CC2458F8F3005D1157 /* Release */,
			);
			defaultConfigurationIsVisible = 0;
			defaultConfigurationName = Release;
		};
		3D8523CD2458F8F3005D1157 /* Build configuration list for PBXNativeTarget "Artable" */ = {
			isa = XCConfigurationList;
			buildConfigurations = (
				3D8523CE2458F8F3005D1157 /* Debug */,
				3D8523CF2458F8F3005D1157 /* Release */,
			);
			defaultConfigurationIsVisible = 0;
			defaultConfigurationName = Release;
		};
		3D8523E52458F916005D1157 /* Build configuration list for PBXNativeTarget "ArtableAdmin" */ = {
			isa = XCConfigurationList;
			buildConfigurations = (
				3D8523E62458F916005D1157 /* Debug */,
				3D8523E72458F916005D1157 /* Release */,
			);
			defaultConfigurationIsVisible = 0;
			defaultConfigurationName = Release;
		};
/* End XCConfigurationList section */
	};
	rootObject = 3D8523B12458F8F0005D1157 /* Project object */;
}
